// !$*UTF8*$!
{
	archiveVersion = 1;
	classes = {
	};
	objectVersion = 56;
	objects = {

/* Begin PBXBuildFile section */
		AA000001000000000000001A /* CalendarBannerApp.swift in Sources */ = {isa = PBXBuildFile; fileRef = AA000001000000000000001B /* CalendarBannerApp.swift */; };
		AA000001000000000000002A /* CalendarBannerTests.swift in Sources */ = {isa = PBXBuildFile; fileRef = AA000001000000000000002B /* CalendarBannerTests.swift */; };
		AA000002000000000000001A /* CalendarEvent.swift in Sources */ = {isa = PBXBuildFile; fileRef = AA000002000000000000001B /* CalendarEvent.swift */; };
		AA000002000000000000002A /* PreferencesStore.swift in Sources */ = {isa = PBXBuildFile; fileRef = AA000002000000000000002B /* PreferencesStore.swift */; };
		AA000002000000000000003A /* CalendarMonitor.swift in Sources */ = {isa = PBXBuildFile; fileRef = AA000002000000000000003B /* CalendarMonitor.swift */; };
		AA000002000000000000004A /* BannerView.swift in Sources */ = {isa = PBXBuildFile; fileRef = AA000002000000000000004B /* BannerView.swift */; };
		AA000002000000000000005A /* BannerWindowController.swift in Sources */ = {isa = PBXBuildFile; fileRef = AA000002000000000000005B /* BannerWindowController.swift */; };
		AA000002000000000000006A /* CalendarEventTests.swift in Sources */ = {isa = PBXBuildFile; fileRef = AA000002000000000000006B /* CalendarEventTests.swift */; };
		AA000002000000000000007A /* PreferencesStoreTests.swift in Sources */ = {isa = PBXBuildFile; fileRef = AA000002000000000000007B /* PreferencesStoreTests.swift */; };
		AA000002000000000000008A /* CalendarMonitorTests.swift in Sources */ = {isa = PBXBuildFile; fileRef = AA000002000000000000008B /* CalendarMonitorTests.swift */; };
		AA000002000000000000009A /* BannerWindowControllerTests.swift in Sources */ = {isa = PBXBuildFile; fileRef = AA000002000000000000009B /* BannerWindowControllerTests.swift */; };
		AA000003000000000000001A /* SettingsView.swift in Sources */ = {isa = PBXBuildFile; fileRef = AA000003000000000000001B /* SettingsView.swift */; };
		AA000004000000000000001A /* MenuBarController.swift in Sources */ = {isa = PBXBuildFile; fileRef = AA000004000000000000001B /* MenuBarController.swift */; };
/* End PBXBuildFile section */

/* Begin PBXFileReference section */
		AA000001000000000000001B /* CalendarBannerApp.swift */ = {isa = PBXFileReference; lastKnownFileType = sourcecode.swift; path = CalendarBannerApp.swift; sourceTree = "<group>"; };
		AA00000100000000000000F0 /* CalendarBanner.app */ = {isa = PBXFileReference; explicitFileType = wrapper.application; includeInIndex = 0; path = MeetBell.app; sourceTree = BUILT_PRODUCTS_DIR; };
		AA00000100000000000000F1 /* Info.plist */ = {isa = PBXFileReference; lastKnownFileType = text.plist.xml; path = Info.plist; sourceTree = "<group>"; };
		AA000001000000000000002B /* CalendarBannerTests.swift */ = {isa = PBXFileReference; lastKnownFileType = sourcecode.swift; path = CalendarBannerTests.swift; sourceTree = "<group>"; };
		AA00000100000000000000F2 /* CalendarBannerTests.xctest */ = {isa = PBXFileReference; explicitFileType = wrapper.cfbundle; includeInIndex = 0; path = MeetBellTests.xctest; sourceTree = BUILT_PRODUCTS_DIR; };
		AA000002000000000000001B /* CalendarEvent.swift */ = {isa = PBXFileReference; lastKnownFileType = sourcecode.swift; path = CalendarEvent.swift; sourceTree = "<group>"; };
		AA000002000000000000002B /* PreferencesStore.swift */ = {isa = PBXFileReference; lastKnownFileType = sourcecode.swift; path = PreferencesStore.swift; sourceTree = "<group>"; };
		AA000002000000000000003B /* CalendarMonitor.swift */ = {isa = PBXFileReference; lastKnownFileType = sourcecode.swift; path = CalendarMonitor.swift; sourceTree = "<group>"; };
		AA000002000000000000004B /* BannerView.swift */ = {isa = PBXFileReference; lastKnownFileType = sourcecode.swift; path = BannerView.swift; sourceTree = "<group>"; };
		AA000002000000000000005B /* BannerWindowController.swift */ = {isa = PBXFileReference; lastKnownFileType = sourcecode.swift; path = BannerWindowController.swift; sourceTree = "<group>"; };
		AA000002000000000000006B /* CalendarEventTests.swift */ = {isa = PBXFileReference; lastKnownFileType = sourcecode.swift; path = CalendarEventTests.swift; sourceTree = "<group>"; };
		AA000002000000000000007B /* PreferencesStoreTests.swift */ = {isa = PBXFileReference; lastKnownFileType = sourcecode.swift; path = PreferencesStoreTests.swift; sourceTree = "<group>"; };
		AA000002000000000000008B /* CalendarMonitorTests.swift */ = {isa = PBXFileReference; lastKnownFileType = sourcecode.swift; path = CalendarMonitorTests.swift; sourceTree = "<group>"; };
		AA000002000000000000009B /* BannerWindowControllerTests.swift */ = {isa = PBXFileReference; lastKnownFileType = sourcecode.swift; path = BannerWindowControllerTests.swift; sourceTree = "<group>"; };
		AA000003000000000000001B /* SettingsView.swift */ = {isa = PBXFileReference; lastKnownFileType = sourcecode.swift; path = SettingsView.swift; sourceTree = "<group>"; };
		AA000004000000000000001B /* MenuBarController.swift */ = {isa = PBXFileReference; lastKnownFileType = sourcecode.swift; path = MenuBarController.swift; sourceTree = "<group>"; };
/* End PBXFileReference section */

/* Begin PBXFrameworksBuildPhase section */
		AA00000100000000000000A0 /* Frameworks */ = {
			isa = PBXFrameworksBuildPhase;
			buildActionMask = 2147483647;
			files = (
			);
			runOnlyForDeploymentPostprocessing = 0;
		};
		AA00000100000000000000B0 /* Frameworks */ = {
			isa = PBXFrameworksBuildPhase;
			buildActionMask = 2147483647;
			files = (
			);
			runOnlyForDeploymentPostprocessing = 0;
		};
/* End PBXFrameworksBuildPhase section */

/* Begin PBXGroup section */
		AA00000100000000000000C0 /* CalendarBanner */ = {
			isa = PBXGroup;
			children = (
				AA000001000000000000001B /* CalendarBannerApp.swift */,
				AA00000100000000000000F1 /* Info.plist */,
				AA000002000000000000010A /* Models */,
				AA000002000000000000010B /* Store */,
				AA000002000000000000010C /* Calendar */,
				AA000002000000000000010D /* Banner */,
				AA000003000000000000010E /* Settings */,
				AA000004000000000000010F /* Menu */,
			);
			path = CalendarBanner;
			sourceTree = "<group>";
		};
		AA00000100000000000000C1 /* CalendarBannerTests */ = {
			isa = PBXGroup;
			children = (
				AA000001000000000000002B /* CalendarBannerTests.swift */,
				AA000002000000000000006B /* CalendarEventTests.swift */,
				AA000002000000000000007B /* PreferencesStoreTests.swift */,
				AA000002000000000000008B /* CalendarMonitorTests.swift */,
				AA000002000000000000009B /* BannerWindowControllerTests.swift */,
			);
			path = CalendarBannerTests;
			sourceTree = "<group>";
		};
		AA00000100000000000000C2 /* Products */ = {
			isa = PBXGroup;
			children = (
				AA00000100000000000000F0 /* CalendarBanner.app */,
				AA00000100000000000000F2 /* CalendarBannerTests.xctest */,
			);
			name = Products;
			sourceTree = "<group>";
		};
		AA00000100000000000000C3 = {
			isa = PBXGroup;
			children = (
				AA00000100000000000000C0 /* CalendarBanner */,
				AA00000100000000000000C1 /* CalendarBannerTests */,
				AA00000100000000000000C2 /* Products */,
			);
			sourceTree = "<group>";
		};
		AA000002000000000000010A /* Models */ = {
			isa = PBXGroup;
			children = (
				AA000002000000000000001B /* CalendarEvent.swift */,
			);
			path = Models;
			sourceTree = "<group>";
		};
		AA000002000000000000010B /* Store */ = {
			isa = PBXGroup;
			children = (
				AA000002000000000000002B /* PreferencesStore.swift */,
			);
			path = Store;
			sourceTree = "<group>";
		};
		AA000002000000000000010C /* Calendar */ = {
			isa = PBXGroup;
			children = (
				AA000002000000000000003B /* CalendarMonitor.swift */,
			);
			path = Calendar;
			sourceTree = "<group>";
		};
		AA000002000000000000010D /* Banner */ = {
			isa = PBXGroup;
			children = (
				AA000002000000000000004B /* BannerView.swift */,
				AA000002000000000000005B /* BannerWindowController.swift */,
			);
			path = Banner;
			sourceTree = "<group>";
		};
		AA000003000000000000010E /* Settings */ = {
			isa = PBXGroup;
			children = (
				AA000003000000000000001B /* SettingsView.swift */,
			);
			path = Settings;
			sourceTree = "<group>";
		};
		AA000004000000000000010F /* Menu */ = {
			isa = PBXGroup;
			children = (
				AA000004000000000000001B /* MenuBarController.swift */,
			);
			path = Menu;
			sourceTree = "<group>";
		};
/* End PBXGroup section */

/* Begin PBXNativeTarget section */
		AA00000100000000000000D0 /* CalendarBanner */ = {
			isa = PBXNativeTarget;
			buildConfigurationList = AA00000100000000000000E0 /* Build configuration list for PBXNativeTarget "CalendarBanner" */;
			buildPhases = (
				AA00000100000000000000A0 /* Frameworks */,
				AA00000100000000000000A1 /* Sources */,
				AA00000100000000000000A2 /* Resources */,
			);
			buildRules = (
			);
			dependencies = (
			);
			name = MeetBell;
			productName = MeetBell;
			productReference = AA00000100000000000000F0 /* CalendarBanner.app */;
			productType = "com.apple.product-type.application";
		};
		AA00000100000000000000D1 /* CalendarBannerTests */ = {
			isa = PBXNativeTarget;
			buildConfigurationList = AA00000100000000000000E1 /* Build configuration list for PBXNativeTarget "CalendarBannerTests" */;
			buildPhases = (
				AA00000100000000000000B0 /* Frameworks */,
				AA00000100000000000000B1 /* Sources */,
			);
			buildRules = (
			);
			dependencies = (
				AA00000100000000000000D2 /* PBXTargetDependency */,
			);
			name = MeetBellTests;
			productName = MeetBellTests;
			productReference = AA00000100000000000000F2 /* CalendarBannerTests.xctest */;
			productType = "com.apple.product-type.bundle.unit-test";
		};
/* End PBXNativeTarget section */

/* Begin PBXProject section */
		AA00000100000000000000P0 /* Project object */ = {
			isa = PBXProject;
			attributes = {
				BuildIndependentTargetsInParallel = 1;
				LastSwiftUpdateCheck = 1500;
				LastUpgradeCheck = 1500;
				TargetAttributes = {
					AA00000100000000000000D0 = {
						CreatedOnToolsVersion = 15.0;
					};
					AA00000100000000000000D1 = {
						CreatedOnToolsVersion = 15.0;
						TestTargetID = AA00000100000000000000D0;
					};
				};
			};
			buildConfigurationList = AA00000100000000000000E2 /* Build configuration list for PBXProject "CalendarBanner" */;
			compatibilityVersion = "Xcode 14.0";
			developmentRegion = en;
			hasScannedForEncodings = 0;
			knownRegions = (
				en,
				Base,
			);
			mainGroup = AA00000100000000000000C3;
			productRefGroup = AA00000100000000000000C2 /* Products */;
			projectDirPath = "";
			projectRoot = "";
			targets = (
				AA00000100000000000000D0 /* CalendarBanner */,
				AA00000100000000000000D1 /* CalendarBannerTests */,
			);
		};
/* End PBXProject section */

/* Begin PBXResourcesBuildPhase section */
		AA00000100000000000000A2 /* Resources */ = {
			isa = PBXResourcesBuildPhase;
			buildActionMask = 2147483647;
			files = (
			);
			runOnlyForDeploymentPostprocessing = 0;
		};
/* End PBXResourcesBuildPhase section */

/* Begin PBXSourcesBuildPhase section */
		AA00000100000000000000A1 /* Sources */ = {
			isa = PBXSourcesBuildPhase;
			buildActionMask = 2147483647;
			files = (
				AA000001000000000000001A /* CalendarBannerApp.swift in Sources */,
				AA000002000000000000001A /* CalendarEvent.swift in Sources */,
				AA000002000000000000002A /* PreferencesStore.swift in Sources */,
				AA000002000000000000003A /* CalendarMonitor.swift in Sources */,
				AA000002000000000000004A /* BannerView.swift in Sources */,
				AA000002000000000000005A /* BannerWindowController.swift in Sources */,
				AA000003000000000000001A /* SettingsView.swift in Sources */,
				AA000004000000000000001A /* MenuBarController.swift in Sources */,
			);
			runOnlyForDeploymentPostprocessing = 0;
		};
		AA00000100000000000000B1 /* Sources */ = {
			isa = PBXSourcesBuildPhase;
			buildActionMask = 2147483647;
			files = (
				AA000001000000000000002A /* CalendarBannerTests.swift in Sources */,
				AA000002000000000000006A /* CalendarEventTests.swift in Sources */,
				AA000002000000000000007A /* PreferencesStoreTests.swift in Sources */,
				AA000002000000000000008A /* CalendarMonitorTests.swift in Sources */,
				AA000002000000000000009A /* BannerWindowControllerTests.swift in Sources */,
			);
			runOnlyForDeploymentPostprocessing = 0;
		};
/* End PBXSourcesBuildPhase section */

/* Begin PBXTargetDependency section */
		AA00000100000000000000D2 /* PBXTargetDependency */ = {
			isa = PBXTargetDependency;
			target = AA00000100000000000000D0 /* CalendarBanner */;
			targetProxy = AA00000100000000000000D3 /* PBXContainerItemProxy */;
		};
/* End PBXTargetDependency section */

/* Begin PBXContainerItemProxy section */
		AA00000100000000000000D3 /* PBXContainerItemProxy */ = {
			isa = PBXContainerItemProxy;
			containerPortal = AA00000100000000000000P0 /* Project object */;
			proxyType = 1;
			remoteGlobalIDString = AA00000100000000000000D0;
			remoteInfo = MeetBell;
		};
/* End PBXContainerItemProxy section */

/* Begin XCBuildConfiguration section */
		AA00000100000000000000E3 /* Debug */ = {
			isa = XCBuildConfiguration;
			buildSettings = {
				ALWAYS_SEARCH_USER_PATHS = NO;
				ASSETCATALOG_COMPILER_GENERATE_SWIFT_ASSET_SYMBOL_EXTENSIONS = YES;
				CLANG_ANALYZER_NONNULL = YES;
				CLANG_ANALYZER_NUMBER_OBJECT_CONVERSION = YES_AGGRESSIVE;
				CLANG_CXX_LANGUAGE_STANDARD = "gnu++20";
				CLANG_ENABLE_MODULES = YES;
				CLANG_ENABLE_OBJC_ARC = YES;
				CLANG_ENABLE_OBJC_WEAK = YES;
				CLANG_WARN_BLOCK_CAPTURE_AUTORELEASING = YES;
				CLANG_WARN_BOOL_CONVERSION = YES;
				CLANG_WARN_COMMA = YES;
				CLANG_WARN_CONSTANT_CONVERSION = YES;
				CLANG_WARN_DEPRECATED_OBJC_IMPLEMENTATIONS = YES;
				CLANG_WARN_DIRECT_OBJC_ISA_USAGE = YES_ERROR;
				CLANG_WARN_DOCUMENTATION_COMMENTS = YES;
				CLANG_WARN_EMPTY_BODY = YES;
				CLANG_WARN_ENUM_CONVERSION = YES;
				CLANG_WARN_INFINITE_RECURSION = YES;
				CLANG_WARN_INT_CONVERSION = YES;
				CLANG_WARN_NON_LITERAL_NULL_CONVERSION = YES;
				CLANG_WARN_OBJC_IMPLICIT_RETAIN_SELF = YES;
				CLANG_WARN_OBJC_LITERAL_CONVERSION = YES;
				CLANG_WARN_OBJC_ROOT_CLASS = YES_ERROR;
				CLANG_WARN_QUOTED_INCLUDE_IN_FRAMEWORK_HEADER = YES;
				CLANG_WARN_RANGE_LOOP_ANALYSIS = YES;
				CLANG_WARN_STRICT_PROTOTYPES = YES;
				CLANG_WARN_SUSPICIOUS_MOVE = YES;
				CLANG_WARN_UNGUARDED_AVAILABILITY = YES_AGGRESSIVE;
				CLANG_WARN_UNREACHABLE_CODE = YES;
				CLANG_WARN__DUPLICATE_METHOD_MATCH = YES;
				COPY_PHASE_STRIP = NO;
				DEBUG_INFORMATION_FORMAT = dwarf;
				ENABLE_STRICT_OBJC_MSGSEND = YES;
				ENABLE_TESTABILITY = YES;
				ENABLE_USER_SCRIPT_SANDBOXING = YES;
				GCC_C_LANGUAGE_STANDARD = gnu17;
				GCC_DYNAMIC_NO_PIC = NO;
				GCC_NO_COMMON_BLOCKS = YES;
				GCC_OPTIMIZATION_LEVEL = 0;
				GCC_PREPROCESSOR_DEFINITIONS = (
					"DEBUG=1",
					"$(inherited)",
				);
				GCC_WARN_64_TO_32_BIT_CONVERSION = YES;
				GCC_WARN_ABOUT_RETURN_TYPE = YES_ERROR;
				GCC_WARN_UNDECLARED_SELECTOR = YES;
				GCC_WARN_UNINITIALIZED_AUTOS = YES_AGGRESSIVE;
				GCC_WARN_UNUSED_FUNCTION = YES;
				GCC_WARN_UNUSED_VARIABLE = YES;
				LOCALIZATION_PREFERS_STRING_CATALOGS = YES;
				MACOSX_DEPLOYMENT_TARGET = 13.0;
				MTL_ENABLE_DEBUG_INFO = INCLUDE_SOURCE;
				MTL_FAST_MATH = YES;
				ONLY_ACTIVE_ARCH = YES;
				SDKROOT = macosx;
				SWIFT_ACTIVE_COMPILATION_CONDITIONS = "DEBUG $(inherited)";
				SWIFT_OPTIMIZATION_LEVEL = "-Onone";
			};
			name = Debug;
		};
		AA00000100000000000000E4 /* Release */ = {
			isa = XCBuildConfiguration;
			buildSettings = {
				ALWAYS_SEARCH_USER_PATHS = NO;
				ASSETCATALOG_COMPILER_GENERATE_SWIFT_ASSET_SYMBOL_EXTENSIONS = YES;
				CLANG_ANALYZER_NONNULL = YES;
				CLANG_ANALYZER_NUMBER_OBJECT_CONVERSION = YES_AGGRESSIVE;
				CLANG_CXX_LANGUAGE_STANDARD = "gnu++20";
				CLANG_ENABLE_MODULES = YES;
				CLANG_ENABLE_OBJC_ARC = YES;
				CLANG_ENABLE_OBJC_WEAK = YES;
				CLANG_WARN_BLOCK_CAPTURE_AUTORELEASING = YES;
				CLANG_WARN_BOOL_CONVERSION = YES;
				CLANG_WARN_COMMA = YES;
				CLANG_WARN_CONSTANT_CONVERSION = YES;
				CLANG_WARN_DEPRECATED_OBJC_IMPLEMENTATIONS = YES;
				CLANG_WARN_DIRECT_OBJC_ISA_USAGE = YES_ERROR;
				CLANG_WARN_DOCUMENTATION_COMMENTS = YES;
				CLANG_WARN_EMPTY_BODY = YES;
				CLANG_WARN_ENUM_CONVERSION = YES;
				CLANG_WARN_INFINITE_RECURSION = YES;
				CLANG_WARN_INT_CONVERSION = YES;
				CLANG_WARN_NON_LITERAL_NULL_CONVERSION = YES;
				CLANG_WARN_OBJC_IMPLICIT_RETAIN_SELF = YES;
				CLANG_WARN_OBJC_LITERAL_CONVERSION = YES;
				CLANG_WARN_OBJC_ROOT_CLASS = YES_ERROR;
				CLANG_WARN_QUOTED_INCLUDE_IN_FRAMEWORK_HEADER = YES;
				CLANG_WARN_RANGE_LOOP_ANALYSIS = YES;
				CLANG_WARN_STRICT_PROTOTYPES = YES;
				CLANG_WARN_SUSPICIOUS_MOVE = YES;
				CLANG_WARN_UNGUARDED_AVAILABILITY = YES_AGGRESSIVE;
				CLANG_WARN_UNREACHABLE_CODE = YES;
				CLANG_WARN__DUPLICATE_METHOD_MATCH = YES;
				COPY_PHASE_STRIP = NO;
				DEBUG_INFORMATION_FORMAT = "dwarf-with-dsym";
				ENABLE_NS_ASSERTIONS = NO;
				ENABLE_STRICT_OBJC_MSGSEND = YES;
				ENABLE_USER_SCRIPT_SANDBOXING = YES;
				GCC_C_LANGUAGE_STANDARD = gnu17;
				GCC_NO_COMMON_BLOCKS = YES;
				GCC_WARN_64_TO_32_BIT_CONVERSION = YES;
				GCC_WARN_ABOUT_RETURN_TYPE = YES_ERROR;
				GCC_WARN_UNDECLARED_SELECTOR = YES;
				GCC_WARN_UNINITIALIZED_AUTOS = YES_AGGRESSIVE;
				GCC_WARN_UNUSED_FUNCTION = YES;
				GCC_WARN_UNUSED_VARIABLE = YES;
				LOCALIZATION_PREFERS_STRING_CATALOGS = YES;
				MACOSX_DEPLOYMENT_TARGET = 13.0;
				MTL_FAST_MATH = YES;
				SDKROOT = macosx;
				SWIFT_COMPILATION_MODE = wholemodule;
			};
			name = Release;
		};
		AA00000100000000000000E5 /* Debug */ = {
			isa = XCBuildConfiguration;
			buildSettings = {
				BUNDLE_LOADER = "$(TEST_HOST)";
				CODE_SIGN_STYLE = Automatic;
				CURRENT_PROJECT_VERSION = 1;
				GENERATE_INFOPLIST_FILE = YES;
				MACOSX_DEPLOYMENT_TARGET = 13.0;
				MARKETING_VERSION = 1.0;
				PRODUCT_BUNDLE_IDENTIFIER = "com.meetbell.app";
				PRODUCT_NAME = "$(TARGET_NAME)";
				SDKROOT = macosx;
				SWIFT_EMIT_LOC_STRINGS = NO;
				SWIFT_VERSION = 5.9;
				TEST_HOST = "$(BUILT_PRODUCTS_DIR)/MeetBell.app/Contents/MacOS/MeetBell";
			};
			name = Debug;
		};
		AA00000100000000000000E6 /* Release */ = {
			isa = XCBuildConfiguration;
			buildSettings = {
				BUNDLE_LOADER = "$(TEST_HOST)";
				CODE_SIGN_STYLE = Automatic;
				CURRENT_PROJECT_VERSION = 1;
				GENERATE_INFOPLIST_FILE = YES;
				MACOSX_DEPLOYMENT_TARGET = 13.0;
				MARKETING_VERSION = 1.0;
				PRODUCT_BUNDLE_IDENTIFIER = "com.meetbell.app";
				PRODUCT_NAME = "$(TARGET_NAME)";
				SDKROOT = macosx;
				SWIFT_EMIT_LOC_STRINGS = NO;
				SWIFT_VERSION = 5.9;
				TEST_HOST = "$(BUILT_PRODUCTS_DIR)/MeetBell.app/Contents/MacOS/MeetBell";
			};
			name = Release;
		};
		AA00000100000000000000E7 /* Debug */ = {
			isa = XCBuildConfiguration;
			buildSettings = {
				CODE_SIGN_ENTITLEMENTS = CalendarBanner/CalendarBanner.entitlements;
				CODE_SIGN_STYLE = Automatic;
				CURRENT_PROJECT_VERSION = 1;
				GENERATE_INFOPLIST_FILE = NO;
				INFOPLIST_FILE = CalendarBanner/Info.plist;
				LD_RUNPATH_SEARCH_PATHS = (
					"$(inherited)",
					"@executable_path/../Frameworks",
				);
				MACOSX_DEPLOYMENT_TARGET = 13.0;
				MARKETING_VERSION = 1.0;
				PRODUCT_BUNDLE_IDENTIFIER = "com.meetbell.app";
				PRODUCT_NAME = "$(TARGET_NAME)";
				SDKROOT = macosx;
				SWIFT_EMIT_LOC_STRINGS = YES;
				SWIFT_VERSION = 5.9;
			};
			name = Debug;
		};
		AA00000100000000000000E8 /* Release */ = {
			isa = XCBuildConfiguration;
			buildSettings = {
				CODE_SIGN_ENTITLEMENTS = CalendarBanner/CalendarBanner.entitlements;
				CODE_SIGN_STYLE = Automatic;
				CURRENT_PROJECT_VERSION = 1;
				GENERATE_INFOPLIST_FILE = NO;
				INFOPLIST_FILE = CalendarBanner/Info.plist;
				LD_RUNPATH_SEARCH_PATHS = (
					"$(inherited)",
					"@executable_path/../Frameworks",
				);
				MACOSX_DEPLOYMENT_TARGET = 13.0;
				MARKETING_VERSION = 1.0;
				PRODUCT_BUNDLE_IDENTIFIER = "com.meetbell.app";
				PRODUCT_NAME = "$(TARGET_NAME)";
				SDKROOT = macosx;
				SWIFT_EMIT_LOC_STRINGS = YES;
				SWIFT_VERSION = 5.9;
			};
			name = Release;
		};
/* End XCBuildConfiguration section */

/* Begin XCConfigurationList section */
		AA00000100000000000000E0 /* Build configuration list for PBXNativeTarget "CalendarBanner" */ = {
			isa = XCConfigurationList;
			buildConfigurations = (
				AA00000100000000000000E7 /* Debug */,
				AA00000100000000000000E8 /* Release */,
			);
			defaultConfigurationIsVisible = 0;
			defaultConfigurationName = Release;
		};
		AA00000100000000000000E1 /* Build configuration list for PBXNativeTarget "CalendarBannerTests" */ = {
			isa = XCConfigurationList;
			buildConfigurations = (
				AA00000100000000000000E5 /* Debug */,
				AA00000100000000000000E6 /* Release */,
			);
			defaultConfigurationIsVisible = 0;
			defaultConfigurationName = Release;
		};
		AA00000100000000000000E2 /* Build configuration list for PBXProject "CalendarBanner" */ = {
			isa = XCConfigurationList;
			buildConfigurations = (
				AA00000100000000000000E3 /* Debug */,
				AA00000100000000000000E4 /* Release */,
			);
			defaultConfigurationIsVisible = 0;
			defaultConfigurationName = Release;
		};
/* End XCConfigurationList section */

	};
	rootObject = AA00000100000000000000P0 /* Project object */;
}
